
Microsoft Visual Studio Solution File, Format Version 12.00
# Visual Studio Version 17
VisualStudioVersion = 17.3.32519.111
MinimumVisualStudioVersion = 10.0.40219.1
Project("{FAE04EC0-301F-11D3-BF4B-00C04F79EFBC}") = "Componentes", "Componentes.csproj", "{3EAFE54C-0BE4-4BAF-B654-B7D8B944BA01}"
EndProject
Global
	GlobalSection(SolutionConfigurationPlatforms) = preSolution
		Debug|Any CPU = Debug|Any CPU
		Release|Any CPU = Release|Any CPU
	EndGlobalSection
	GlobalSection(ProjectConfigurationPlatforms) = postSolution
		{3EAFE54C-0BE4-4BAF-B654-B7D8B944BA01}.Debug|Any CPU.ActiveCfg = Debug|Any CPU
		{3EAFE54C-0BE4-4BAF-B654-B7D8B944BA01}.Debug|Any CPU.Build.0 = Debug|Any CPU
		{3EAFE54C-0BE4-4BAF-B654-B7D8B944BA01}.Release|Any CPU.ActiveCfg = Release|Any CPU
		{3EAFE54C-0BE4-4BAF-B654-B7D8B944BA01}.Release|Any CPU.Build.0 = Release|Any CPU
	EndGlobalSection
	GlobalSection(SolutionProperties) = preSolution
		HideSolutionNode = FALSE
	EndGlobalSection
	GlobalSection(ExtensibilityGlobals) = postSolution
		SolutionGuid = {D4501722-ABA8-4E76-A558-C1A3DB43FAEE}
	EndGlobalSection
EndGlobal
